
Microsoft Visual Studio Solution File, Format Version 12.00
# Visual Studio 15
Project("{FAE04EC0-301F-11D3-BF4B-00C04F79EFBC}") = "UnityEngine.TestRunner", "UnityEngine.TestRunner.csproj", "{EB33536E-DE48-CBB3-DA6F-5FC43ACFAA4E}"
EndProject
Project("{FAE04EC0-301F-11D3-BF4B-00C04F79EFBC}") = "Unity.VisualScripting.Flow", "Unity.VisualScripting.Flow.csproj", "{0E097E90-EA1D-6925-FD3E-6D5931FA9C9B}"
EndProject
Project("{FAE04EC0-301F-11D3-BF4B-00C04F79EFBC}") = "Unity.Mathematics", "Unity.Mathematics.csproj", "{0C145866-3A32-7E31-6C77-955971CBBD99}"
EndProject
Project("{FAE04EC0-301F-11D3-BF4B-00C04F79EFBC}") = "Unity.XR.ARFoundation", "Unity.XR.ARFoundation.csproj", "{6FA909A6-27C7-FEBD-7302-F084DD218674}"
EndProject
Project("{FAE04EC0-301F-11D3-BF4B-00C04F79EFBC}") = "Unity.Services.Core.Telemetry", "Unity.Services.Core.Telemetry.csproj", "{E63D575D-8D1F-EF65-3CB3-D3FFB0A96053}"
EndProject
Project("{FAE04EC0-301F-11D3-BF4B-00C04F79EFBC}") = "Unity.XR.ARSubsystems", "Unity.XR.ARSubsystems.csproj", "{685F5541-A53B-17F2-02C2-C2EABFE1CABB}"
EndProject
Project("{FAE04EC0-301F-11D3-BF4B-00C04F79EFBC}") = "Unity.VisualScripting.State", "Unity.VisualScripting.State.csproj", "{CE74CBF2-C229-8193-D7E5-F8C647A1E945}"
EndProject
Project("{FAE04EC0-301F-11D3-BF4B-00C04F79EFBC}") = "Unity.VisualScripting.Core", "Unity.VisualScripting.Core.csproj", "{B1765290-5B10-2664-667E-9489332B3DE8}"
EndProject
Project("{FAE04EC0-301F-11D3-BF4B-00C04F79EFBC}") = "UnityEngine.XR.LegacyInputHelpers", "UnityEngine.XR.LegacyInputHelpers.csproj", "{25010ADA-4EF6-905E-190E-96E0A9F360D1}"
EndProject
Project("{FAE04EC0-301F-11D3-BF4B-00C04F79EFBC}") = "Unity.Services.Core.Environments.Internal", "Unity.Services.Core.Environments.Internal.csproj", "{FBE40321-1720-8087-5972-C7FE159FEBA1}"
EndProject
Project("{FAE04EC0-301F-11D3-BF4B-00C04F79EFBC}") = "Unity.Burst", "Unity.Burst.csproj", "{0E7222EF-E4BC-6940-E8A8-FA0217467567}"
EndProject
Project("{FAE04EC0-301F-11D3-BF4B-00C04F79EFBC}") = "Unity.2D.Animation.Runtime", "Unity.2D.Animation.Runtime.csproj", "{867E32FB-6035-F71D-BDF9-0D3023B6637B}"
EndProject
Project("{FAE04EC0-301F-11D3-BF4B-00C04F79EFBC}") = "Unity.TextMeshPro", "Unity.TextMeshPro.csproj", "{B97A8939-E3E8-B399-52B5-D8769370D1DA}"
EndProject
Project("{FAE04EC0-301F-11D3-BF4B-00C04F79EFBC}") = "Unity.Timeline", "Unity.Timeline.csproj", "{3D3FF64E-4E2A-6AF0-FB8A-D23675CCF842}"
EndProject
Project("{FAE04EC0-301F-11D3-BF4B-00C04F79EFBC}") = "Unity.Services.Core", "Unity.Services.Core.csproj", "{D8E72B4B-04CE-62E4-4B75-5598CB29D57C}"
EndProject
Project("{FAE04EC0-301F-11D3-BF4B-00C04F79EFBC}") = "Assembly-CSharp", "Assembly-CSharp.csproj", "{56D83F4C-5E54-580A-80A6-8B339E0130E6}"
EndProject
Project("{FAE04EC0-301F-11D3-BF4B-00C04F79EFBC}") = "Unity.Services.Core.Environments", "Unity.Services.Core.Environments.csproj", "{22BF1FC1-D5E8-D440-2B0D-AF75E3B58FC6}"
EndProject
Project("{FAE04EC0-301F-11D3-BF4B-00C04F79EFBC}") = "Unity.Services.Core.Internal", "Unity.Services.Core.Internal.csproj", "{00EA36C5-D6D8-E3A0-F663-75FA4E9820D8}"
EndProject
Project("{FAE04EC0-301F-11D3-BF4B-00C04F79EFBC}") = "Unity.Services.Core.Analytics", "Unity.Services.Core.Analytics.csproj", "{F0FDAD47-984F-5652-0ED1-23E02F347C2C}"
EndProject
Project("{FAE04EC0-301F-11D3-BF4B-00C04F79EFBC}") = "Unity.2D.SpriteShape.Runtime", "Unity.2D.SpriteShape.Runtime.csproj", "{04D7FD0A-A9BC-09E1-FFB2-2FF0A61168ED}"
EndProject
Project("{FAE04EC0-301F-11D3-BF4B-00C04F79EFBC}") = "Unity.Services.Core.Scheduler", "Unity.Services.Core.Scheduler.csproj", "{7D6E8AEF-A924-5A94-2C05-D8F70A6EE1BF}"
EndProject
Project("{FAE04EC0-301F-11D3-BF4B-00C04F79EFBC}") = "Unity.Services.Core.Registration", "Unity.Services.Core.Registration.csproj", "{C2A1B839-3B45-2CC6-6A5F-9B4FC775FBF6}"
EndProject
Project("{FAE04EC0-301F-11D3-BF4B-00C04F79EFBC}") = "Unity.2D.PixelPerfect", "Unity.2D.PixelPerfect.csproj", "{417EFD4F-F762-BAD5-48BC-A3FE02E6E098}"
EndProject
Project("{FAE04EC0-301F-11D3-BF4B-00C04F79EFBC}") = "Unity.2D.Common.Runtime", "Unity.2D.Common.Runtime.csproj", "{05BBF3F9-2D08-7B6D-E440-2BCB13A58A3A}"
EndProject
Project("{FAE04EC0-301F-11D3-BF4B-00C04F79EFBC}") = "Unity.2D.IK.Runtime", "Unity.2D.IK.Runtime.csproj", "{822D13A5-2833-0344-C1B6-A659FC59FD4C}"
EndProject
Project("{FAE04EC0-301F-11D3-BF4B-00C04F79EFBC}") = "Unity.Services.Core.Device", "Unity.Services.Core.Device.csproj", "{B56725A9-3994-0A40-DD7C-1119381972D1}"
EndProject
Project("{FAE04EC0-301F-11D3-BF4B-00C04F79EFBC}") = "Unity.XR.Management", "Unity.XR.Management.csproj", "{D39EBBFB-8749-C3DA-8927-7791D43078BE}"
EndProject
Project("{FAE04EC0-301F-11D3-BF4B-00C04F79EFBC}") = "Unity.Services.Core.Threading", "Unity.Services.Core.Threading.csproj", "{07CF06AD-8C59-2A0C-A916-F56981F1279A}"
EndProject
Project("{FAE04EC0-301F-11D3-BF4B-00C04F79EFBC}") = "Unity.2D.Tilemap.Extras", "Unity.2D.Tilemap.Extras.csproj", "{A83BA26F-4E99-E0E0-00C2-11D205C04BC3}"
EndProject
Project("{FAE04EC0-301F-11D3-BF4B-00C04F79EFBC}") = "Unity.Services.Core.Networking", "Unity.Services.Core.Networking.csproj", "{1DA8155D-3B16-1986-EDA3-380EE31D77D9}"
EndProject
Project("{FAE04EC0-301F-11D3-BF4B-00C04F79EFBC}") = "Unity.InternalAPIEngineBridge.001", "Unity.InternalAPIEngineBridge.001.csproj", "{68AB3337-716E-913C-C6E1-74428ED21D6C}"
EndProject
Project("{FAE04EC0-301F-11D3-BF4B-00C04F79EFBC}") = "Unity.Services.Core.Configuration", "Unity.Services.Core.Configuration.csproj", "{8AEF47BA-1881-24AD-BCF0-C1225A01177B}"
EndProject
Project("{FAE04EC0-301F-11D3-BF4B-00C04F79EFBC}") = "UnityEngine.SpatialTracking", "UnityEngine.SpatialTracking.csproj", "{4D1930C5-2D30-8C42-2030-D9F1FDA91CA8}"
EndProject
Project("{FAE04EC0-301F-11D3-BF4B-00C04F79EFBC}") = "Unity.Subsystem.Registration", "Unity.Subsystem.Registration.csproj", "{62D3EBDE-4755-73E3-0B0F-81D9084E4BB6}"
EndProject
Project("{FAE04EC0-301F-11D3-BF4B-00C04F79EFBC}") = "Unity.XR.ARCore", "Unity.XR.ARCore.csproj", "{A72315F5-CDD6-69D7-728C-185158D34A0D}"
EndProject
Project("{FAE04EC0-301F-11D3-BF4B-00C04F79EFBC}") = "Unity.PlasticSCM.Editor", "Unity.PlasticSCM.Editor.csproj", "{AE5B5305-23D2-2756-1B97-CC3A0BEDB396}"
EndProject
Project("{FAE04EC0-301F-11D3-BF4B-00C04F79EFBC}") = "Unity.VisualScripting.Core.Editor", "Unity.VisualScripting.Core.Editor.csproj", "{F3688DF6-A700-4234-41DE-8D23612CECAB}"
EndProject
Project("{FAE04EC0-301F-11D3-BF4B-00C04F79EFBC}") = "Unity.VisualScripting.Flow.Editor", "Unity.VisualScripting.Flow.Editor.csproj", "{345A524F-1253-34A0-6BE6-11FB0A7E9C53}"
EndProject
Project("{FAE04EC0-301F-11D3-BF4B-00C04F79EFBC}") = "Unity.VisualStudio.Editor", "Unity.VisualStudio.Editor.csproj", "{C6F9D5ED-EDC4-D754-CA85-1F10D1CD55EB}"
EndProject
Project("{FAE04EC0-301F-11D3-BF4B-00C04F79EFBC}") = "Unity.Timeline.Editor", "Unity.Timeline.Editor.csproj", "{E6A3C766-668A-26AD-8098-EAB4AA270205}"
EndProject
Project("{FAE04EC0-301F-11D3-BF4B-00C04F79EFBC}") = "Unity.VisualScripting.State.Editor", "Unity.VisualScripting.State.Editor.csproj", "{0A063DB5-801D-F7DA-F735-9E709060273E}"
EndProject
Project("{FAE04EC0-301F-11D3-BF4B-00C04F79EFBC}") = "Unity.TextMeshPro.Editor", "Unity.TextMeshPro.Editor.csproj", "{E4A6A010-978E-684B-67CC-211810C0E878}"
EndProject
Project("{FAE04EC0-301F-11D3-BF4B-00C04F79EFBC}") = "Unity.2D.PixelPerfect.Editor", "Unity.2D.PixelPerfect.Editor.csproj", "{0DD3827E-8D17-B7B2-B82A-8E9A1A428BEE}"
EndProject
Project("{FAE04EC0-301F-11D3-BF4B-00C04F79EFBC}") = "Unity.2D.Animation.Editor", "Unity.2D.Animation.Editor.csproj", "{8334F8E7-2EC1-DF4B-B4F4-BD8D46712A94}"
EndProject
Project("{FAE04EC0-301F-11D3-BF4B-00C04F79EFBC}") = "Unity.VisualScripting.SettingsProvider.Editor", "Unity.VisualScripting.SettingsProvider.Editor.csproj", "{3BE216B7-6A3E-BA3A-FE5D-A600AD094A18}"
EndProject
Project("{FAE04EC0-301F-11D3-BF4B-00C04F79EFBC}") = "Unity.CollabProxy.Editor", "Unity.CollabProxy.Editor.csproj", "{8CBA71D5-440D-7053-679F-7D238F1F52D8}"
EndProject
Project("{FAE04EC0-301F-11D3-BF4B-00C04F79EFBC}") = "Unity.2D.Psdimporter.Editor", "Unity.2D.Psdimporter.Editor.csproj", "{D73E78E6-A114-7A25-C686-94CBB57792EE}"
EndProject
Project("{FAE04EC0-301F-11D3-BF4B-00C04F79EFBC}") = "UnityEditor.TestRunner", "UnityEditor.TestRunner.csproj", "{CD6C20AE-EF27-79D7-D452-990C26C61C63}"
EndProject
Project("{FAE04EC0-301F-11D3-BF4B-00C04F79EFBC}") = "Unity.Services.Core.Editor", "Unity.Services.Core.Editor.csproj", "{34DAB356-A3E9-72F9-0C5F-85C676B84152}"
EndProject
Project("{FAE04EC0-301F-11D3-BF4B-00C04F79EFBC}") = "Unity.Rider.Editor", "Unity.Rider.Editor.csproj", "{101036B7-DD1D-725C-3AD2-C8AFB91DEB45}"
EndProject
Project("{FAE04EC0-301F-11D3-BF4B-00C04F79EFBC}") = "Unity.2D.Path.Editor", "Unity.2D.Path.Editor.csproj", "{074C1351-57E9-9EA5-7C1C-3FC29E495D85}"
EndProject
Project("{FAE04EC0-301F-11D3-BF4B-00C04F79EFBC}") = "PsdPlugin", "PsdPlugin.csproj", "{63ABEF7F-8CA3-A3F2-F125-3A845AAF3C3E}"
EndProject
Project("{FAE04EC0-301F-11D3-BF4B-00C04F79EFBC}") = "Unity.2D.IK.Editor", "Unity.2D.IK.Editor.csproj", "{B9998FB5-609D-746B-024A-A136CDD56FE4}"
EndProject
Project("{FAE04EC0-301F-11D3-BF4B-00C04F79EFBC}") = "Unity.2D.SpriteShape.Editor", "Unity.2D.SpriteShape.Editor.csproj", "{4A427797-C2F5-1080-E6A5-3F377BD59D3F}"
EndProject
Project("{FAE04EC0-301F-11D3-BF4B-00C04F79EFBC}") = "Unity.Burst.CodeGen", "Unity.Burst.CodeGen.csproj", "{D5E22B05-33FE-7F5C-938B-ABB12E83255C}"
EndProject
Project("{FAE04EC0-301F-11D3-BF4B-00C04F79EFBC}") = "Unity.XR.Management.Editor", "Unity.XR.Management.Editor.csproj", "{72F878C8-F03D-8D2A-3623-74A484B2037C}"
EndProject
Project("{FAE04EC0-301F-11D3-BF4B-00C04F79EFBC}") = "Unity.VSCode.Editor", "Unity.VSCode.Editor.csproj", "{5FBB53BC-B63A-CEA4-54DA-2DC0A1C849BA}"
EndProject
Project("{FAE04EC0-301F-11D3-BF4B-00C04F79EFBC}") = "UnityEditor.SpatialTracking", "UnityEditor.SpatialTracking.csproj", "{7EC105A6-A3DD-3315-9013-64929436E183}"
EndProject
Project("{FAE04EC0-301F-11D3-BF4B-00C04F79EFBC}") = "Unity.2D.Common.Editor", "Unity.2D.Common.Editor.csproj", "{B5AB4A40-5259-BAB1-0C58-5D18AEB31AE4}"
EndProject
Project("{FAE04EC0-301F-11D3-BF4B-00C04F79EFBC}") = "Unity.XR.ARFoundation.Editor", "Unity.XR.ARFoundation.Editor.csproj", "{DE6331E4-4FF0-3F4F-5CA0-3D47A9DFD528}"
EndProject
Project("{FAE04EC0-301F-11D3-BF4B-00C04F79EFBC}") = "Unity.Mathematics.Editor", "Unity.Mathematics.Editor.csproj", "{EF2C72AE-4E17-1355-EED6-7AE2AC02F733}"
EndProject
Project("{FAE04EC0-301F-11D3-BF4B-00C04F79EFBC}") = "Unity.Services.Core.Configuration.Editor", "Unity.Services.Core.Configuration.Editor.csproj", "{486E7CF7-E330-FF3F-AB33-7B41D0AC0651}"
EndProject
Project("{FAE04EC0-301F-11D3-BF4B-00C04F79EFBC}") = "Unity.2D.Tilemap.Extras.Editor", "Unity.2D.Tilemap.Extras.Editor.csproj", "{0F118216-58D3-1C15-84B6-7567A8D6A570}"
EndProject
Project("{FAE04EC0-301F-11D3-BF4B-00C04F79EFBC}") = "Unity.Burst.Editor", "Unity.Burst.Editor.csproj", "{41DD4C2B-AE82-E16A-5F2A-5B21EAB12666}"
EndProject
Project("{FAE04EC0-301F-11D3-BF4B-00C04F79EFBC}") = "UnityEditor.XR.LegacyInputHelpers", "UnityEditor.XR.LegacyInputHelpers.csproj", "{4D28188F-B431-2BAE-1C88-D8C4F015FE4B}"
EndProject
Project("{FAE04EC0-301F-11D3-BF4B-00C04F79EFBC}") = "Unity.XR.ARSubsystems.Editor", "Unity.XR.ARSubsystems.Editor.csproj", "{B41D7688-B736-1EE6-E28C-8838774C98DC}"
EndProject
Project("{FAE04EC0-301F-11D3-BF4B-00C04F79EFBC}") = "Unity.InternalAPIEditorBridge.001", "Unity.InternalAPIEditorBridge.001.csproj", "{942E314D-AB20-75B8-F323-CE8784C15938}"
EndProject
Project("{FAE04EC0-301F-11D3-BF4B-00C04F79EFBC}") = "Unity.VisualScripting.Shared.Editor", "Unity.VisualScripting.Shared.Editor.csproj", "{CAE1CF91-6423-C9B9-6611-D1CD323060D5}"
EndProject
Project("{FAE04EC0-301F-11D3-BF4B-00C04F79EFBC}") = "Unity.InternalAPIEditorBridge.005", "Unity.InternalAPIEditorBridge.005.csproj", "{415DB343-2C6A-E868-6A9C-9479977D2210}"
EndProject
Project("{FAE04EC0-301F-11D3-BF4B-00C04F79EFBC}") = "Unity.XR.ARCore.Editor", "Unity.XR.ARCore.Editor.csproj", "{C17C9C6C-1103-BD7E-8D7F-732C1E1B15A1}"
EndProject
Global
	GlobalSection(SolutionConfigurationPlatforms) = preSolution
		Debug|Any CPU = Debug|Any CPU
		Release|Any CPU = Release|Any CPU
	EndGlobalSection
	GlobalSection(ProjectConfigurationPlatforms) = postSolution
		{EB33536E-DE48-CBB3-DA6F-5FC43ACFAA4E}.Debug|Any CPU.ActiveCfg = Debug|Any CPU
		{EB33536E-DE48-CBB3-DA6F-5FC43ACFAA4E}.Debug|Any CPU.Build.0 = Debug|Any CPU
		{EB33536E-DE48-CBB3-DA6F-5FC43ACFAA4E}.Release|Any CPU.ActiveCfg = Release|Any CPU
		{EB33536E-DE48-CBB3-DA6F-5FC43ACFAA4E}.Release|Any CPU.Build.0 = Release|Any CPU
		{0E097E90-EA1D-6925-FD3E-6D5931FA9C9B}.Debug|Any CPU.ActiveCfg = Debug|Any CPU
		{0E097E90-EA1D-6925-FD3E-6D5931FA9C9B}.Debug|Any CPU.Build.0 = Debug|Any CPU
		{0E097E90-EA1D-6925-FD3E-6D5931FA9C9B}.Release|Any CPU.ActiveCfg = Release|Any CPU
		{0E097E90-EA1D-6925-FD3E-6D5931FA9C9B}.Release|Any CPU.Build.0 = Release|Any CPU
		{0C145866-3A32-7E31-6C77-955971CBBD99}.Debug|Any CPU.ActiveCfg = Debug|Any CPU
		{0C145866-3A32-7E31-6C77-955971CBBD99}.Debug|Any CPU.Build.0 = Debug|Any CPU
		{0C145866-3A32-7E31-6C77-955971CBBD99}.Release|Any CPU.ActiveCfg = Release|Any CPU
		{0C145866-3A32-7E31-6C77-955971CBBD99}.Release|Any CPU.Build.0 = Release|Any CPU
		{6FA909A6-27C7-FEBD-7302-F084DD218674}.Debug|Any CPU.ActiveCfg = Debug|Any CPU
		{6FA909A6-27C7-FEBD-7302-F084DD218674}.Debug|Any CPU.Build.0 = Debug|Any CPU
		{6FA909A6-27C7-FEBD-7302-F084DD218674}.Release|Any CPU.ActiveCfg = Release|Any CPU
		{6FA909A6-27C7-FEBD-7302-F084DD218674}.Release|Any CPU.Build.0 = Release|Any CPU
		{E63D575D-8D1F-EF65-3CB3-D3FFB0A96053}.Debug|Any CPU.ActiveCfg = Debug|Any CPU
		{E63D575D-8D1F-EF65-3CB3-D3FFB0A96053}.Debug|Any CPU.Build.0 = Debug|Any CPU
		{E63D575D-8D1F-EF65-3CB3-D3FFB0A96053}.Release|Any CPU.ActiveCfg = Release|Any CPU
		{E63D575D-8D1F-EF65-3CB3-D3FFB0A96053}.Release|Any CPU.Build.0 = Release|Any CPU
		{685F5541-A53B-17F2-02C2-C2EABFE1CABB}.Debug|Any CPU.ActiveCfg = Debug|Any CPU
		{685F5541-A53B-17F2-02C2-C2EABFE1CABB}.Debug|Any CPU.Build.0 = Debug|Any CPU
		{685F5541-A53B-17F2-02C2-C2EABFE1CABB}.Release|Any CPU.ActiveCfg = Release|Any CPU
		{685F5541-A53B-17F2-02C2-C2EABFE1CABB}.Release|Any CPU.Build.0 = Release|Any CPU
		{CE74CBF2-C229-8193-D7E5-F8C647A1E945}.Debug|Any CPU.ActiveCfg = Debug|Any CPU
		{CE74CBF2-C229-8193-D7E5-F8C647A1E945}.Debug|Any CPU.Build.0 = Debug|Any CPU
		{CE74CBF2-C229-8193-D7E5-F8C647A1E945}.Release|Any CPU.ActiveCfg = Release|Any CPU
		{CE74CBF2-C229-8193-D7E5-F8C647A1E945}.Release|Any CPU.Build.0 = Release|Any CPU
		{B1765290-5B10-2664-667E-9489332B3DE8}.Debug|Any CPU.ActiveCfg = Debug|Any CPU
		{B1765290-5B10-2664-667E-9489332B3DE8}.Debug|Any CPU.Build.0 = Debug|Any CPU
		{B1765290-5B10-2664-667E-9489332B3DE8}.Release|Any CPU.ActiveCfg = Release|Any CPU
		{B1765290-5B10-2664-667E-9489332B3DE8}.Release|Any CPU.Build.0 = Release|Any CPU
		{25010ADA-4EF6-905E-190E-96E0A9F360D1}.Debug|Any CPU.ActiveCfg = Debug|Any CPU
		{25010ADA-4EF6-905E-190E-96E0A9F360D1}.Debug|Any CPU.Build.0 = Debug|Any CPU
		{25010ADA-4EF6-905E-190E-96E0A9F360D1}.Release|Any CPU.ActiveCfg = Release|Any CPU
		{25010ADA-4EF6-905E-190E-96E0A9F360D1}.Release|Any CPU.Build.0 = Release|Any CPU
		{FBE40321-1720-8087-5972-C7FE159FEBA1}.Debug|Any CPU.ActiveCfg = Debug|Any CPU
		{FBE40321-1720-8087-5972-C7FE159FEBA1}.Debug|Any CPU.Build.0 = Debug|Any CPU
		{FBE40321-1720-8087-5972-C7FE159FEBA1}.Release|Any CPU.ActiveCfg = Release|Any CPU
		{FBE40321-1720-8087-5972-C7FE159FEBA1}.Release|Any CPU.Build.0 = Release|Any CPU
		{0E7222EF-E4BC-6940-E8A8-FA0217467567}.Debug|Any CPU.ActiveCfg = Debug|Any CPU
		{0E7222EF-E4BC-6940-E8A8-FA0217467567}.Debug|Any CPU.Build.0 = Debug|Any CPU
		{0E7222EF-E4BC-6940-E8A8-FA0217467567}.Release|Any CPU.ActiveCfg = Release|Any CPU
		{0E7222EF-E4BC-6940-E8A8-FA0217467567}.Release|Any CPU.Build.0 = Release|Any CPU
		{867E32FB-6035-F71D-BDF9-0D3023B6637B}.Debug|Any CPU.ActiveCfg = Debug|Any CPU
		{867E32FB-6035-F71D-BDF9-0D3023B6637B}.Debug|Any CPU.Build.0 = Debug|Any CPU
		{867E32FB-6035-F71D-BDF9-0D3023B6637B}.Release|Any CPU.ActiveCfg = Release|Any CPU
		{867E32FB-6035-F71D-BDF9-0D3023B6637B}.Release|Any CPU.Build.0 = Release|Any CPU
		{B97A8939-E3E8-B399-52B5-D8769370D1DA}.Debug|Any CPU.ActiveCfg = Debug|Any CPU
		{B97A8939-E3E8-B399-52B5-D8769370D1DA}.Debug|Any CPU.Build.0 = Debug|Any CPU
		{B97A8939-E3E8-B399-52B5-D8769370D1DA}.Release|Any CPU.ActiveCfg = Release|Any CPU
		{B97A8939-E3E8-B399-52B5-D8769370D1DA}.Release|Any CPU.Build.0 = Release|Any CPU
		{3D3FF64E-4E2A-6AF0-FB8A-D23675CCF842}.Debug|Any CPU.ActiveCfg = Debug|Any CPU
		{3D3FF64E-4E2A-6AF0-FB8A-D23675CCF842}.Debug|Any CPU.Build.0 = Debug|Any CPU
		{3D3FF64E-4E2A-6AF0-FB8A-D23675CCF842}.Release|Any CPU.ActiveCfg = Release|Any CPU
		{3D3FF64E-4E2A-6AF0-FB8A-D23675CCF842}.Release|Any CPU.Build.0 = Release|Any CPU
		{D8E72B4B-04CE-62E4-4B75-5598CB29D57C}.Debug|Any CPU.ActiveCfg = Debug|Any CPU
		{D8E72B4B-04CE-62E4-4B75-5598CB29D57C}.Debug|Any CPU.Build.0 = Debug|Any CPU
		{D8E72B4B-04CE-62E4-4B75-5598CB29D57C}.Release|Any CPU.ActiveCfg = Release|Any CPU
		{D8E72B4B-04CE-62E4-4B75-5598CB29D57C}.Release|Any CPU.Build.0 = Release|Any CPU
		{56D83F4C-5E54-580A-80A6-8B339E0130E6}.Debug|Any CPU.ActiveCfg = Debug|Any CPU
		{56D83F4C-5E54-580A-80A6-8B339E0130E6}.Debug|Any CPU.Build.0 = Debug|Any CPU
		{56D83F4C-5E54-580A-80A6-8B339E0130E6}.Release|Any CPU.ActiveCfg = Release|Any CPU
		{56D83F4C-5E54-580A-80A6-8B339E0130E6}.Release|Any CPU.Build.0 = Release|Any CPU
		{22BF1FC1-D5E8-D440-2B0D-AF75E3B58FC6}.Debug|Any CPU.ActiveCfg = Debug|Any CPU
		{22BF1FC1-D5E8-D440-2B0D-AF75E3B58FC6}.Debug|Any CPU.Build.0 = Debug|Any CPU
		{22BF1FC1-D5E8-D440-2B0D-AF75E3B58FC6}.Release|Any CPU.ActiveCfg = Release|Any CPU
		{22BF1FC1-D5E8-D440-2B0D-AF75E3B58FC6}.Release|Any CPU.Build.0 = Release|Any CPU
		{00EA36C5-D6D8-E3A0-F663-75FA4E9820D8}.Debug|Any CPU.ActiveCfg = Debug|Any CPU
		{00EA36C5-D6D8-E3A0-F663-75FA4E9820D8}.Debug|Any CPU.Build.0 = Debug|Any CPU
		{00EA36C5-D6D8-E3A0-F663-75FA4E9820D8}.Release|Any CPU.ActiveCfg = Release|Any CPU
		{00EA36C5-D6D8-E3A0-F663-75FA4E9820D8}.Release|Any CPU.Build.0 = Release|Any CPU
		{F0FDAD47-984F-5652-0ED1-23E02F347C2C}.Debug|Any CPU.ActiveCfg = Debug|Any CPU
		{F0FDAD47-984F-5652-0ED1-23E02F347C2C}.Debug|Any CPU.Build.0 = Debug|Any CPU
		{F0FDAD47-984F-5652-0ED1-23E02F347C2C}.Release|Any CPU.ActiveCfg = Release|Any CPU
		{F0FDAD47-984F-5652-0ED1-23E02F347C2C}.Release|Any CPU.Build.0 = Release|Any CPU
		{04D7FD0A-A9BC-09E1-FFB2-2FF0A61168ED}.Debug|Any CPU.ActiveCfg = Debug|Any CPU
		{04D7FD0A-A9BC-09E1-FFB2-2FF0A61168ED}.Debug|Any CPU.Build.0 = Debug|Any CPU
		{04D7FD0A-A9BC-09E1-FFB2-2FF0A61168ED}.Release|Any CPU.ActiveCfg = Release|Any CPU
		{04D7FD0A-A9BC-09E1-FFB2-2FF0A61168ED}.Release|Any CPU.Build.0 = Release|Any CPU
		{7D6E8AEF-A924-5A94-2C05-D8F70A6EE1BF}.Debug|Any CPU.ActiveCfg = Debug|Any CPU
		{7D6E8AEF-A924-5A94-2C05-D8F70A6EE1BF}.Debug|Any CPU.Build.0 = Debug|Any CPU
		{7D6E8AEF-A924-5A94-2C05-D8F70A6EE1BF}.Release|Any CPU.ActiveCfg = Release|Any CPU
		{7D6E8AEF-A924-5A94-2C05-D8F70A6EE1BF}.Release|Any CPU.Build.0 = Release|Any CPU
		{C2A1B839-3B45-2CC6-6A5F-9B4FC775FBF6}.Debug|Any CPU.ActiveCfg = Debug|Any CPU
		{C2A1B839-3B45-2CC6-6A5F-9B4FC775FBF6}.Debug|Any CPU.Build.0 = Debug|Any CPU
		{C2A1B839-3B45-2CC6-6A5F-9B4FC775FBF6}.Release|Any CPU.ActiveCfg = Release|Any CPU
		{C2A1B839-3B45-2CC6-6A5F-9B4FC775FBF6}.Release|Any CPU.Build.0 = Release|Any CPU
		{417EFD4F-F762-BAD5-48BC-A3FE02E6E098}.Debug|Any CPU.ActiveCfg = Debug|Any CPU
		{417EFD4F-F762-BAD5-48BC-A3FE02E6E098}.Debug|Any CPU.Build.0 = Debug|Any CPU
		{417EFD4F-F762-BAD5-48BC-A3FE02E6E098}.Release|Any CPU.ActiveCfg = Release|Any CPU
		{417EFD4F-F762-BAD5-48BC-A3FE02E6E098}.Release|Any CPU.Build.0 = Release|Any CPU
		{05BBF3F9-2D08-7B6D-E440-2BCB13A58A3A}.Debug|Any CPU.ActiveCfg = Debug|Any CPU
		{05BBF3F9-2D08-7B6D-E440-2BCB13A58A3A}.Debug|Any CPU.Build.0 = Debug|Any CPU
		{05BBF3F9-2D08-7B6D-E440-2BCB13A58A3A}.Release|Any CPU.ActiveCfg = Release|Any CPU
		{05BBF3F9-2D08-7B6D-E440-2BCB13A58A3A}.Release|Any CPU.Build.0 = Release|Any CPU
		{822D13A5-2833-0344-C1B6-A659FC59FD4C}.Debug|Any CPU.ActiveCfg = Debug|Any CPU
		{822D13A5-2833-0344-C1B6-A659FC59FD4C}.Debug|Any CPU.Build.0 = Debug|Any CPU
		{822D13A5-2833-0344-C1B6-A659FC59FD4C}.Release|Any CPU.ActiveCfg = Release|Any CPU
		{822D13A5-2833-0344-C1B6-A659FC59FD4C}.Release|Any CPU.Build.0 = Release|Any CPU
		{B56725A9-3994-0A40-DD7C-1119381972D1}.Debug|Any CPU.ActiveCfg = Debug|Any CPU
		{B56725A9-3994-0A40-DD7C-1119381972D1}.Debug|Any CPU.Build.0 = Debug|Any CPU
		{B56725A9-3994-0A40-DD7C-1119381972D1}.Release|Any CPU.ActiveCfg = Release|Any CPU
		{B56725A9-3994-0A40-DD7C-1119381972D1}.Release|Any CPU.Build.0 = Release|Any CPU
		{D39EBBFB-8749-C3DA-8927-7791D43078BE}.Debug|Any CPU.ActiveCfg = Debug|Any CPU
		{D39EBBFB-8749-C3DA-8927-7791D43078BE}.Debug|Any CPU.Build.0 = Debug|Any CPU
		{D39EBBFB-8749-C3DA-8927-7791D43078BE}.Release|Any CPU.ActiveCfg = Release|Any CPU
		{D39EBBFB-8749-C3DA-8927-7791D43078BE}.Release|Any CPU.Build.0 = Release|Any CPU
		{07CF06AD-8C59-2A0C-A916-F56981F1279A}.Debug|Any CPU.ActiveCfg = Debug|Any CPU
		{07CF06AD-8C59-2A0C-A916-F56981F1279A}.Debug|Any CPU.Build.0 = Debug|Any CPU
		{07CF06AD-8C59-2A0C-A916-F56981F1279A}.Release|Any CPU.ActiveCfg = Release|Any CPU
		{07CF06AD-8C59-2A0C-A916-F56981F1279A}.Release|Any CPU.Build.0 = Release|Any CPU
		{A83BA26F-4E99-E0E0-00C2-11D205C04BC3}.Debug|Any CPU.ActiveCfg = Debug|Any CPU
		{A83BA26F-4E99-E0E0-00C2-11D205C04BC3}.Debug|Any CPU.Build.0 = Debug|Any CPU
		{A83BA26F-4E99-E0E0-00C2-11D205C04BC3}.Release|Any CPU.ActiveCfg = Release|Any CPU
		{A83BA26F-4E99-E0E0-00C2-11D205C04BC3}.Release|Any CPU.Build.0 = Release|Any CPU
		{1DA8155D-3B16-1986-EDA3-380EE31D77D9}.Debug|Any CPU.ActiveCfg = Debug|Any CPU
		{1DA8155D-3B16-1986-EDA3-380EE31D77D9}.Debug|Any CPU.Build.0 = Debug|Any CPU
		{1DA8155D-3B16-1986-EDA3-380EE31D77D9}.Release|Any CPU.ActiveCfg = Release|Any CPU
		{1DA8155D-3B16-1986-EDA3-380EE31D77D9}.Release|Any CPU.Build.0 = Release|Any CPU
		{68AB3337-716E-913C-C6E1-74428ED21D6C}.Debug|Any CPU.ActiveCfg = Debug|Any CPU
		{68AB3337-716E-913C-C6E1-74428ED21D6C}.Debug|Any CPU.Build.0 = Debug|Any CPU
		{68AB3337-716E-913C-C6E1-74428ED21D6C}.Release|Any CPU.ActiveCfg = Release|Any CPU
		{68AB3337-716E-913C-C6E1-74428ED21D6C}.Release|Any CPU.Build.0 = Release|Any CPU
		{8AEF47BA-1881-24AD-BCF0-C1225A01177B}.Debug|Any CPU.ActiveCfg = Debug|Any CPU
		{8AEF47BA-1881-24AD-BCF0-C1225A01177B}.Debug|Any CPU.Build.0 = Debug|Any CPU
		{8AEF47BA-1881-24AD-BCF0-C1225A01177B}.Release|Any CPU.ActiveCfg = Release|Any CPU
		{8AEF47BA-1881-24AD-BCF0-C1225A01177B}.Release|Any CPU.Build.0 = Release|Any CPU
		{4D1930C5-2D30-8C42-2030-D9F1FDA91CA8}.Debug|Any CPU.ActiveCfg = Debug|Any CPU
		{4D1930C5-2D30-8C42-2030-D9F1FDA91CA8}.Debug|Any CPU.Build.0 = Debug|Any CPU
		{4D1930C5-2D30-8C42-2030-D9F1FDA91CA8}.Release|Any CPU.ActiveCfg = Release|Any CPU
		{4D1930C5-2D30-8C42-2030-D9F1FDA91CA8}.Release|Any CPU.Build.0 = Release|Any CPU
		{62D3EBDE-4755-73E3-0B0F-81D9084E4BB6}.Debug|Any CPU.ActiveCfg = Debug|Any CPU
		{62D3EBDE-4755-73E3-0B0F-81D9084E4BB6}.Debug|Any CPU.Build.0 = Debug|Any CPU
		{62D3EBDE-4755-73E3-0B0F-81D9084E4BB6}.Release|Any CPU.ActiveCfg = Release|Any CPU
		{62D3EBDE-4755-73E3-0B0F-81D9084E4BB6}.Release|Any CPU.Build.0 = Release|Any CPU
		{A72315F5-CDD6-69D7-728C-185158D34A0D}.Debug|Any CPU.ActiveCfg = Debug|Any CPU
		{A72315F5-CDD6-69D7-728C-185158D34A0D}.Debug|Any CPU.Build.0 = Debug|Any CPU
		{A72315F5-CDD6-69D7-728C-185158D34A0D}.Release|Any CPU.ActiveCfg = Release|Any CPU
		{A72315F5-CDD6-69D7-728C-185158D34A0D}.Release|Any CPU.Build.0 = Release|Any CPU
		{AE5B5305-23D2-2756-1B97-CC3A0BEDB396}.Debug|Any CPU.ActiveCfg = Debug|Any CPU
		{AE5B5305-23D2-2756-1B97-CC3A0BEDB396}.Debug|Any CPU.Build.0 = Debug|Any CPU
		{AE5B5305-23D2-2756-1B97-CC3A0BEDB396}.Release|Any CPU.ActiveCfg = Release|Any CPU
		{AE5B5305-23D2-2756-1B97-CC3A0BEDB396}.Release|Any CPU.Build.0 = Release|Any CPU
		{F3688DF6-A700-4234-41DE-8D23612CECAB}.Debug|Any CPU.ActiveCfg = Debug|Any CPU
		{F3688DF6-A700-4234-41DE-8D23612CECAB}.Debug|Any CPU.Build.0 = Debug|Any CPU
		{F3688DF6-A700-4234-41DE-8D23612CECAB}.Release|Any CPU.ActiveCfg = Release|Any CPU
		{F3688DF6-A700-4234-41DE-8D23612CECAB}.Release|Any CPU.Build.0 = Release|Any CPU
		{345A524F-1253-34A0-6BE6-11FB0A7E9C53}.Debug|Any CPU.ActiveCfg = Debug|Any CPU
		{345A524F-1253-34A0-6BE6-11FB0A7E9C53}.Debug|Any CPU.Build.0 = Debug|Any CPU
		{345A524F-1253-34A0-6BE6-11FB0A7E9C53}.Release|Any CPU.ActiveCfg = Release|Any CPU
		{345A524F-1253-34A0-6BE6-11FB0A7E9C53}.Release|Any CPU.Build.0 = Release|Any CPU
		{C6F9D5ED-EDC4-D754-CA85-1F10D1CD55EB}.Debug|Any CPU.ActiveCfg = Debug|Any CPU
		{C6F9D5ED-EDC4-D754-CA85-1F10D1CD55EB}.Debug|Any CPU.Build.0 = Debug|Any CPU
		{C6F9D5ED-EDC4-D754-CA85-1F10D1CD55EB}.Release|Any CPU.ActiveCfg = Release|Any CPU
		{C6F9D5ED-EDC4-D754-CA85-1F10D1CD55EB}.Release|Any CPU.Build.0 = Release|Any CPU
		{E6A3C766-668A-26AD-8098-EAB4AA270205}.Debug|Any CPU.ActiveCfg = Debug|Any CPU
		{E6A3C766-668A-26AD-8098-EAB4AA270205}.Debug|Any CPU.Build.0 = Debug|Any CPU
		{E6A3C766-668A-26AD-8098-EAB4AA270205}.Release|Any CPU.ActiveCfg = Release|Any CPU
		{E6A3C766-668A-26AD-8098-EAB4AA270205}.Release|Any CPU.Build.0 = Release|Any CPU
		{0A063DB5-801D-F7DA-F735-9E709060273E}.Debug|Any CPU.ActiveCfg = Debug|Any CPU
		{0A063DB5-801D-F7DA-F735-9E709060273E}.Debug|Any CPU.Build.0 = Debug|Any CPU
		{0A063DB5-801D-F7DA-F735-9E709060273E}.Release|Any CPU.ActiveCfg = Release|Any CPU
		{0A063DB5-801D-F7DA-F735-9E709060273E}.Release|Any CPU.Build.0 = Release|Any CPU
		{E4A6A010-978E-684B-67CC-211810C0E878}.Debug|Any CPU.ActiveCfg = Debug|Any CPU
		{E4A6A010-978E-684B-67CC-211810C0E878}.Debug|Any CPU.Build.0 = Debug|Any CPU
		{E4A6A010-978E-684B-67CC-211810C0E878}.Release|Any CPU.ActiveCfg = Release|Any CPU
		{E4A6A010-978E-684B-67CC-211810C0E878}.Release|Any CPU.Build.0 = Release|Any CPU
		{0DD3827E-8D17-B7B2-B82A-8E9A1A428BEE}.Debug|Any CPU.ActiveCfg = Debug|Any CPU
		{0DD3827E-8D17-B7B2-B82A-8E9A1A428BEE}.Debug|Any CPU.Build.0 = Debug|Any CPU
		{0DD3827E-8D17-B7B2-B82A-8E9A1A428BEE}.Release|Any CPU.ActiveCfg = Release|Any CPU
		{0DD3827E-8D17-B7B2-B82A-8E9A1A428BEE}.Release|Any CPU.Build.0 = Release|Any CPU
		{8334F8E7-2EC1-DF4B-B4F4-BD8D46712A94}.Debug|Any CPU.ActiveCfg = Debug|Any CPU
		{8334F8E7-2EC1-DF4B-B4F4-BD8D46712A94}.Debug|Any CPU.Build.0 = Debug|Any CPU
		{8334F8E7-2EC1-DF4B-B4F4-BD8D46712A94}.Release|Any CPU.ActiveCfg = Release|Any CPU
		{8334F8E7-2EC1-DF4B-B4F4-BD8D46712A94}.Release|Any CPU.Build.0 = Release|Any CPU
		{3BE216B7-6A3E-BA3A-FE5D-A600AD094A18}.Debug|Any CPU.ActiveCfg = Debug|Any CPU
		{3BE216B7-6A3E-BA3A-FE5D-A600AD094A18}.Debug|Any CPU.Build.0 = Debug|Any CPU
		{3BE216B7-6A3E-BA3A-FE5D-A600AD094A18}.Release|Any CPU.ActiveCfg = Release|Any CPU
		{3BE216B7-6A3E-BA3A-FE5D-A600AD094A18}.Release|Any CPU.Build.0 = Release|Any CPU
		{8CBA71D5-440D-7053-679F-7D238F1F52D8}.Debug|Any CPU.ActiveCfg = Debug|Any CPU
		{8CBA71D5-440D-7053-679F-7D238F1F52D8}.Debug|Any CPU.Build.0 = Debug|Any CPU
		{8CBA71D5-440D-7053-679F-7D238F1F52D8}.Release|Any CPU.ActiveCfg = Release|Any CPU
		{8CBA71D5-440D-7053-679F-7D238F1F52D8}.Release|Any CPU.Build.0 = Release|Any CPU
		{D73E78E6-A114-7A25-C686-94CBB57792EE}.Debug|Any CPU.ActiveCfg = Debug|Any CPU
		{D73E78E6-A114-7A25-C686-94CBB57792EE}.Debug|Any CPU.Build.0 = Debug|Any CPU
		{D73E78E6-A114-7A25-C686-94CBB57792EE}.Release|Any CPU.ActiveCfg = Release|Any CPU
		{D73E78E6-A114-7A25-C686-94CBB57792EE}.Release|Any CPU.Build.0 = Release|Any CPU
		{CD6C20AE-EF27-79D7-D452-990C26C61C63}.Debug|Any CPU.ActiveCfg = Debug|Any CPU
		{CD6C20AE-EF27-79D7-D452-990C26C61C63}.Debug|Any CPU.Build.0 = Debug|Any CPU
		{CD6C20AE-EF27-79D7-D452-990C26C61C63}.Release|Any CPU.ActiveCfg = Release|Any CPU
		{CD6C20AE-EF27-79D7-D452-990C26C61C63}.Release|Any CPU.Build.0 = Release|Any CPU
		{34DAB356-A3E9-72F9-0C5F-85C676B84152}.Debug|Any CPU.ActiveCfg = Debug|Any CPU
		{34DAB356-A3E9-72F9-0C5F-85C676B84152}.Debug|Any CPU.Build.0 = Debug|Any CPU
		{34DAB356-A3E9-72F9-0C5F-85C676B84152}.Release|Any CPU.ActiveCfg = Release|Any CPU
		{34DAB356-A3E9-72F9-0C5F-85C676B84152}.Release|Any CPU.Build.0 = Release|Any CPU
		{101036B7-DD1D-725C-3AD2-C8AFB91DEB45}.Debug|Any CPU.ActiveCfg = Debug|Any CPU
		{101036B7-DD1D-725C-3AD2-C8AFB91DEB45}.Debug|Any CPU.Build.0 = Debug|Any CPU
		{101036B7-DD1D-725C-3AD2-C8AFB91DEB45}.Release|Any CPU.ActiveCfg = Release|Any CPU
		{101036B7-DD1D-725C-3AD2-C8AFB91DEB45}.Release|Any CPU.Build.0 = Release|Any CPU
		{074C1351-57E9-9EA5-7C1C-3FC29E495D85}.Debug|Any CPU.ActiveCfg = Debug|Any CPU
		{074C1351-57E9-9EA5-7C1C-3FC29E495D85}.Debug|Any CPU.Build.0 = Debug|Any CPU
		{074C1351-57E9-9EA5-7C1C-3FC29E495D85}.Release|Any CPU.ActiveCfg = Release|Any CPU
		{074C1351-57E9-9EA5-7C1C-3FC29E495D85}.Release|Any CPU.Build.0 = Release|Any CPU
		{63ABEF7F-8CA3-A3F2-F125-3A845AAF3C3E}.Debug|Any CPU.ActiveCfg = Debug|Any CPU
		{63ABEF7F-8CA3-A3F2-F125-3A845AAF3C3E}.Debug|Any CPU.Build.0 = Debug|Any CPU
		{63ABEF7F-8CA3-A3F2-F125-3A845AAF3C3E}.Release|Any CPU.ActiveCfg = Release|Any CPU
		{63ABEF7F-8CA3-A3F2-F125-3A845AAF3C3E}.Release|Any CPU.Build.0 = Release|Any CPU
		{B9998FB5-609D-746B-024A-A136CDD56FE4}.Debug|Any CPU.ActiveCfg = Debug|Any CPU
		{B9998FB5-609D-746B-024A-A136CDD56FE4}.Debug|Any CPU.Build.0 = Debug|Any CPU
		{B9998FB5-609D-746B-024A-A136CDD56FE4}.Release|Any CPU.ActiveCfg = Release|Any CPU
		{B9998FB5-609D-746B-024A-A136CDD56FE4}.Release|Any CPU.Build.0 = Release|Any CPU
		{4A427797-C2F5-1080-E6A5-3F377BD59D3F}.Debug|Any CPU.ActiveCfg = Debug|Any CPU
		{4A427797-C2F5-1080-E6A5-3F377BD59D3F}.Debug|Any CPU.Build.0 = Debug|Any CPU
		{4A427797-C2F5-1080-E6A5-3F377BD59D3F}.Release|Any CPU.ActiveCfg = Release|Any CPU
		{4A427797-C2F5-1080-E6A5-3F377BD59D3F}.Release|Any CPU.Build.0 = Release|Any CPU
		{D5E22B05-33FE-7F5C-938B-ABB12E83255C}.Debug|Any CPU.ActiveCfg = Debug|Any CPU
		{D5E22B05-33FE-7F5C-938B-ABB12E83255C}.Debug|Any CPU.Build.0 = Debug|Any CPU
		{D5E22B05-33FE-7F5C-938B-ABB12E83255C}.Release|Any CPU.ActiveCfg = Release|Any CPU
		{D5E22B05-33FE-7F5C-938B-ABB12E83255C}.Release|Any CPU.Build.0 = Release|Any CPU
		{72F878C8-F03D-8D2A-3623-74A484B2037C}.Debug|Any CPU.ActiveCfg = Debug|Any CPU
		{72F878C8-F03D-8D2A-3623-74A484B2037C}.Debug|Any CPU.Build.0 = Debug|Any CPU
		{72F878C8-F03D-8D2A-3623-74A484B2037C}.Release|Any CPU.ActiveCfg = Release|Any CPU
		{72F878C8-F03D-8D2A-3623-74A484B2037C}.Release|Any CPU.Build.0 = Release|Any CPU
		{5FBB53BC-B63A-CEA4-54DA-2DC0A1C849BA}.Debug|Any CPU.ActiveCfg = Debug|Any CPU
		{5FBB53BC-B63A-CEA4-54DA-2DC0A1C849BA}.Debug|Any CPU.Build.0 = Debug|Any CPU
		{5FBB53BC-B63A-CEA4-54DA-2DC0A1C849BA}.Release|Any CPU.ActiveCfg = Release|Any CPU
		{5FBB53BC-B63A-CEA4-54DA-2DC0A1C849BA}.Release|Any CPU.Build.0 = Release|Any CPU
		{7EC105A6-A3DD-3315-9013-64929436E183}.Debug|Any CPU.ActiveCfg = Debug|Any CPU
		{7EC105A6-A3DD-3315-9013-64929436E183}.Debug|Any CPU.Build.0 = Debug|Any CPU
		{7EC105A6-A3DD-3315-9013-64929436E183}.Release|Any CPU.ActiveCfg = Release|Any CPU
		{7EC105A6-A3DD-3315-9013-64929436E183}.Release|Any CPU.Build.0 = Release|Any CPU
		{B5AB4A40-5259-BAB1-0C58-5D18AEB31AE4}.Debug|Any CPU.ActiveCfg = Debug|Any CPU
		{B5AB4A40-5259-BAB1-0C58-5D18AEB31AE4}.Debug|Any CPU.Build.0 = Debug|Any CPU
		{B5AB4A40-5259-BAB1-0C58-5D18AEB31AE4}.Release|Any CPU.ActiveCfg = Release|Any CPU
		{B5AB4A40-5259-BAB1-0C58-5D18AEB31AE4}.Release|Any CPU.Build.0 = Release|Any CPU
		{DE6331E4-4FF0-3F4F-5CA0-3D47A9DFD528}.Debug|Any CPU.ActiveCfg = Debug|Any CPU
		{DE6331E4-4FF0-3F4F-5CA0-3D47A9DFD528}.Debug|Any CPU.Build.0 = Debug|Any CPU
		{DE6331E4-4FF0-3F4F-5CA0-3D47A9DFD528}.Release|Any CPU.ActiveCfg = Release|Any CPU
		{DE6331E4-4FF0-3F4F-5CA0-3D47A9DFD528}.Release|Any CPU.Build.0 = Release|Any CPU
		{EF2C72AE-4E17-1355-EED6-7AE2AC02F733}.Debug|Any CPU.ActiveCfg = Debug|Any CPU
		{EF2C72AE-4E17-1355-EED6-7AE2AC02F733}.Debug|Any CPU.Build.0 = Debug|Any CPU
		{EF2C72AE-4E17-1355-EED6-7AE2AC02F733}.Release|Any CPU.ActiveCfg = Release|Any CPU
		{EF2C72AE-4E17-1355-EED6-7AE2AC02F733}.Release|Any CPU.Build.0 = Release|Any CPU
		{486E7CF7-E330-FF3F-AB33-7B41D0AC0651}.Debug|Any CPU.ActiveCfg = Debug|Any CPU
		{486E7CF7-E330-FF3F-AB33-7B41D0AC0651}.Debug|Any CPU.Build.0 = Debug|Any CPU
		{486E7CF7-E330-FF3F-AB33-7B41D0AC0651}.Release|Any CPU.ActiveCfg = Release|Any CPU
		{486E7CF7-E330-FF3F-AB33-7B41D0AC0651}.Release|Any CPU.Build.0 = Release|Any CPU
		{0F118216-58D3-1C15-84B6-7567A8D6A570}.Debug|Any CPU.ActiveCfg = Debug|Any CPU
		{0F118216-58D3-1C15-84B6-7567A8D6A570}.Debug|Any CPU.Build.0 = Debug|Any CPU
		{0F118216-58D3-1C15-84B6-7567A8D6A570}.Release|Any CPU.ActiveCfg = Release|Any CPU
		{0F118216-58D3-1C15-84B6-7567A8D6A570}.Release|Any CPU.Build.0 = Release|Any CPU
		{41DD4C2B-AE82-E16A-5F2A-5B21EAB12666}.Debug|Any CPU.ActiveCfg = Debug|Any CPU
		{41DD4C2B-AE82-E16A-5F2A-5B21EAB12666}.Debug|Any CPU.Build.0 = Debug|Any CPU
		{41DD4C2B-AE82-E16A-5F2A-5B21EAB12666}.Release|Any CPU.ActiveCfg = Release|Any CPU
		{41DD4C2B-AE82-E16A-5F2A-5B21EAB12666}.Release|Any CPU.Build.0 = Release|Any CPU
		{4D28188F-B431-2BAE-1C88-D8C4F015FE4B}.Debug|Any CPU.ActiveCfg = Debug|Any CPU
		{4D28188F-B431-2BAE-1C88-D8C4F015FE4B}.Debug|Any CPU.Build.0 = Debug|Any CPU
		{4D28188F-B431-2BAE-1C88-D8C4F015FE4B}.Release|Any CPU.ActiveCfg = Release|Any CPU
		{4D28188F-B431-2BAE-1C88-D8C4F015FE4B}.Release|Any CPU.Build.0 = Release|Any CPU
		{B41D7688-B736-1EE6-E28C-8838774C98DC}.Debug|Any CPU.ActiveCfg = Debug|Any CPU
		{B41D7688-B736-1EE6-E28C-8838774C98DC}.Debug|Any CPU.Build.0 = Debug|Any CPU
		{B41D7688-B736-1EE6-E28C-8838774C98DC}.Release|Any CPU.ActiveCfg = Release|Any CPU
		{B41D7688-B736-1EE6-E28C-8838774C98DC}.Release|Any CPU.Build.0 = Release|Any CPU
		{942E314D-AB20-75B8-F323-CE8784C15938}.Debug|Any CPU.ActiveCfg = Debug|Any CPU
		{942E314D-AB20-75B8-F323-CE8784C15938}.Debug|Any CPU.Build.0 = Debug|Any CPU
		{942E314D-AB20-75B8-F323-CE8784C15938}.Release|Any CPU.ActiveCfg = Release|Any CPU
		{942E314D-AB20-75B8-F323-CE8784C15938}.Release|Any CPU.Build.0 = Release|Any CPU
		{CAE1CF91-6423-C9B9-6611-D1CD323060D5}.Debug|Any CPU.ActiveCfg = Debug|Any CPU
		{CAE1CF91-6423-C9B9-6611-D1CD323060D5}.Debug|Any CPU.Build.0 = Debug|Any CPU
		{CAE1CF91-6423-C9B9-6611-D1CD323060D5}.Release|Any CPU.ActiveCfg = Release|Any CPU
		{CAE1CF91-6423-C9B9-6611-D1CD323060D5}.Release|Any CPU.Build.0 = Release|Any CPU
		{415DB343-2C6A-E868-6A9C-9479977D2210}.Debug|Any CPU.ActiveCfg = Debug|Any CPU
		{415DB343-2C6A-E868-6A9C-9479977D2210}.Debug|Any CPU.Build.0 = Debug|Any CPU
		{415DB343-2C6A-E868-6A9C-9479977D2210}.Release|Any CPU.ActiveCfg = Release|Any CPU
		{415DB343-2C6A-E868-6A9C-9479977D2210}.Release|Any CPU.Build.0 = Release|Any CPU
		{C17C9C6C-1103-BD7E-8D7F-732C1E1B15A1}.Debug|Any CPU.ActiveCfg = Debug|Any CPU
		{C17C9C6C-1103-BD7E-8D7F-732C1E1B15A1}.Debug|Any CPU.Build.0 = Debug|Any CPU
		{C17C9C6C-1103-BD7E-8D7F-732C1E1B15A1}.Release|Any CPU.ActiveCfg = Release|Any CPU
		{C17C9C6C-1103-BD7E-8D7F-732C1E1B15A1}.Release|Any CPU.Build.0 = Release|Any CPU
	EndGlobalSection
	GlobalSection(SolutionProperties) = preSolution
		HideSolutionNode = FALSE
	EndGlobalSection
EndGlobal
